
Microsoft Visual Studio Solution File, Format Version 12.00
# Visual Studio Version 17
VisualStudioVersion = 17.13.35931.197 d17.13
MinimumVisualStudioVersion = 10.0.40219.1
Project("{FAE04EC0-301F-11D3-BF4B-00C04F79EFBC}") = "FSInstall", "FSInstall.csproj", "{1ADC790B-6024-E387-E0F5-A847AEA40796}"
EndProject
Global
	GlobalSection(SolutionConfigurationPlatforms) = preSolution
		Debug|Any CPU = Debug|Any CPU
		Release|Any CPU = Release|Any CPU
	EndGlobalSection
	GlobalSection(ProjectConfigurationPlatforms) = postSolution
		{1ADC790B-6024-E387-E0F5-A847AEA40796}.Debug|Any CPU.ActiveCfg = Debug|Any CPU
		{1ADC790B-6024-E387-E0F5-A847AEA40796}.Debug|Any CPU.Build.0 = Debug|Any CPU
		{1ADC790B-6024-E387-E0F5-A847AEA40796}.Release|Any CPU.ActiveCfg = Release|Any CPU
		{1ADC790B-6024-E387-E0F5-A847AEA40796}.Release|Any CPU.Build.0 = Release|Any CPU
	EndGlobalSection
	GlobalSection(SolutionProperties) = preSolution
		HideSolutionNode = FALSE
	EndGlobalSection
	GlobalSection(ExtensibilityGlobals) = postSolution
		SolutionGuid = {CE6E516F-8B69-4CD7-9319-792DEBB5B13A}
	EndGlobalSection
EndGlobal
